
Microsoft Visual Studio Solution File, Format Version 12.00
# Visual Studio Version 17
VisualStudioVersion = 17.8.34309.116
MinimumVisualStudioVersion = 10.0.40219.1
Project("{9A19103F-16F7-4668-BE54-9A1E7A4F7556}") = "BlazorApp", "BlazorApp\BlazorApp.csproj", "{FA9362CA-A361-4504-A423-78F8B9AA29B5}"
EndProject
Global
	GlobalSection(SolutionConfigurationPlatforms) = preSolution
		Debug|Any CPU = Debug|Any CPU
		Release|Any CPU = Release|Any CPU
	EndGlobalSection
	GlobalSection(ProjectConfigurationPlatforms) = postSolution
		{FA9362CA-A361-4504-A423-78F8B9AA29B5}.Debug|Any CPU.ActiveCfg = Debug|Any CPU
		{FA9362CA-A361-4504-A423-78F8B9AA29B5}.Debug|Any CPU.Build.0 = Debug|Any CPU
		{FA9362CA-A361-4504-A423-78F8B9AA29B5}.Release|Any CPU.ActiveCfg = Release|Any CPU
		{FA9362CA-A361-4504-A423-78F8B9AA29B5}.Release|Any CPU.Build.0 = Release|Any CPU
	EndGlobalSection
	GlobalSection(SolutionProperties) = preSolution
		HideSolutionNode = FALSE
	EndGlobalSection
	GlobalSection(ExtensibilityGlobals) = postSolution
		SolutionGuid = {A061F6D2-FDF4-4658-AA70-BE8EB3E2CEC0}
	EndGlobalSection
EndGlobal
